
Microsoft Visual Studio Solution File, Format Version 12.00
# Visual Studio Version 17
VisualStudioVersion = 17.1.32228.430
MinimumVisualStudioVersion = 10.0.40219.1
Project("{9A19103F-16F7-4668-BE54-9A1E7A4F7556}") = "01.ReverseString", "01.ReverseString\01.ReverseString.csproj", "{61B90B11-A72A-4A9F-99FA-F2E577DDD48C}"
EndProject
Project("{9A19103F-16F7-4668-BE54-9A1E7A4F7556}") = "02.RepeatString", "02.RepeatString\02.RepeatString.csproj", "{0E592421-EE53-41E3-B56E-DCA7336E335E}"
EndProject
Project("{FAE04EC0-301F-11D3-BF4B-00C04F79EFBC}") = "03.Substring", "03.Substring\03.Substring.csproj", "{F7DCE362-C5AD-4D00-B4DC-1239E6AF6E74}"
EndProject
Project("{FAE04EC0-301F-11D3-BF4B-00C04F79EFBC}") = "04.TextFilter", "04.TextFilter\04.TextFilter.csproj", "{4BD33AA8-7DBC-4632-9F8A-A382F61D10DF}"
EndProject
Project("{FAE04EC0-301F-11D3-BF4B-00C04F79EFBC}") = "05.DigitsLettersAndOther", "05.DigitsLettersAndOther\05.DigitsLettersAndOther.csproj", "{1530EC9A-7A5A-4888-8B66-8F6D2CAF1998}"
EndProject
Global
	GlobalSection(SolutionConfigurationPlatforms) = preSolution
		Debug|Any CPU = Debug|Any CPU
		Release|Any CPU = Release|Any CPU
	EndGlobalSection
	GlobalSection(ProjectConfigurationPlatforms) = postSolution
		{61B90B11-A72A-4A9F-99FA-F2E577DDD48C}.Debug|Any CPU.ActiveCfg = Debug|Any CPU
		{61B90B11-A72A-4A9F-99FA-F2E577DDD48C}.Debug|Any CPU.Build.0 = Debug|Any CPU
		{61B90B11-A72A-4A9F-99FA-F2E577DDD48C}.Release|Any CPU.ActiveCfg = Release|Any CPU
		{61B90B11-A72A-4A9F-99FA-F2E577DDD48C}.Release|Any CPU.Build.0 = Release|Any CPU
		{0E592421-EE53-41E3-B56E-DCA7336E335E}.Debug|Any CPU.ActiveCfg = Debug|Any CPU
		{0E592421-EE53-41E3-B56E-DCA7336E335E}.Debug|Any CPU.Build.0 = Debug|Any CPU
		{0E592421-EE53-41E3-B56E-DCA7336E335E}.Release|Any CPU.ActiveCfg = Release|Any CPU
		{0E592421-EE53-41E3-B56E-DCA7336E335E}.Release|Any CPU.Build.0 = Release|Any CPU
		{F7DCE362-C5AD-4D00-B4DC-1239E6AF6E74}.Debug|Any CPU.ActiveCfg = Debug|Any CPU
		{F7DCE362-C5AD-4D00-B4DC-1239E6AF6E74}.Debug|Any CPU.Build.0 = Debug|Any CPU
		{F7DCE362-C5AD-4D00-B4DC-1239E6AF6E74}.Release|Any CPU.ActiveCfg = Release|Any CPU
		{F7DCE362-C5AD-4D00-B4DC-1239E6AF6E74}.Release|Any CPU.Build.0 = Release|Any CPU
		{4BD33AA8-7DBC-4632-9F8A-A382F61D10DF}.Debug|Any CPU.ActiveCfg = Debug|Any CPU
		{4BD33AA8-7DBC-4632-9F8A-A382F61D10DF}.Debug|Any CPU.Build.0 = Debug|Any CPU
		{4BD33AA8-7DBC-4632-9F8A-A382F61D10DF}.Release|Any CPU.ActiveCfg = Release|Any CPU
		{4BD33AA8-7DBC-4632-9F8A-A382F61D10DF}.Release|Any CPU.Build.0 = Release|Any CPU
		{1530EC9A-7A5A-4888-8B66-8F6D2CAF1998}.Debug|Any CPU.ActiveCfg = Debug|Any CPU
		{1530EC9A-7A5A-4888-8B66-8F6D2CAF1998}.Debug|Any CPU.Build.0 = Debug|Any CPU
		{1530EC9A-7A5A-4888-8B66-8F6D2CAF1998}.Release|Any CPU.ActiveCfg = Release|Any CPU
		{1530EC9A-7A5A-4888-8B66-8F6D2CAF1998}.Release|Any CPU.Build.0 = Release|Any CPU
	EndGlobalSection
	GlobalSection(SolutionProperties) = preSolution
		HideSolutionNode = FALSE
	EndGlobalSection
	GlobalSection(ExtensibilityGlobals) = postSolution
		SolutionGuid = {FFBABB13-BA87-4083-A05C-B4899705620C}
	EndGlobalSection
EndGlobal
