
Microsoft Visual Studio Solution File, Format Version 12.00
# Visual Studio Version 17
VisualStudioVersion = 17.1.32228.430
MinimumVisualStudioVersion = 10.0.40219.1
Project("{FAE04EC0-301F-11D3-BF4B-00C04F79EFBC}") = "01.Furniture", "01.Furniture\01.Furniture.csproj", "{FF72A5E9-70E9-46CD-A0C8-E9A459A40967}"
EndProject
Project("{FAE04EC0-301F-11D3-BF4B-00C04F79EFBC}") = "02.Race", "02.Race\02.Race.csproj", "{626D8290-320E-48B3-8A47-C53E3FEA5604}"
EndProject
Global
	GlobalSection(SolutionConfigurationPlatforms) = preSolution
		Debug|Any CPU = Debug|Any CPU
		Release|Any CPU = Release|Any CPU
	EndGlobalSection
	GlobalSection(ProjectConfigurationPlatforms) = postSolution
		{FF72A5E9-70E9-46CD-A0C8-E9A459A40967}.Debug|Any CPU.ActiveCfg = Debug|Any CPU
		{FF72A5E9-70E9-46CD-A0C8-E9A459A40967}.Debug|Any CPU.Build.0 = Debug|Any CPU
		{FF72A5E9-70E9-46CD-A0C8-E9A459A40967}.Release|Any CPU.ActiveCfg = Release|Any CPU
		{FF72A5E9-70E9-46CD-A0C8-E9A459A40967}.Release|Any CPU.Build.0 = Release|Any CPU
		{626D8290-320E-48B3-8A47-C53E3FEA5604}.Debug|Any CPU.ActiveCfg = Debug|Any CPU
		{626D8290-320E-48B3-8A47-C53E3FEA5604}.Debug|Any CPU.Build.0 = Debug|Any CPU
		{626D8290-320E-48B3-8A47-C53E3FEA5604}.Release|Any CPU.ActiveCfg = Release|Any CPU
		{626D8290-320E-48B3-8A47-C53E3FEA5604}.Release|Any CPU.Build.0 = Release|Any CPU
	EndGlobalSection
	GlobalSection(SolutionProperties) = preSolution
		HideSolutionNode = FALSE
	EndGlobalSection
	GlobalSection(ExtensibilityGlobals) = postSolution
		SolutionGuid = {8D899D97-829F-4218-A1E1-181E5A178672}
	EndGlobalSection
EndGlobal
