
Microsoft Visual Studio Solution File, Format Version 12.00
# Visual Studio Version 17
VisualStudioVersion = 17.1.32228.430
MinimumVisualStudioVersion = 10.0.40219.1
Project("{FAE04EC0-301F-11D3-BF4B-00C04F79EFBC}") = "GoshoESlab", "GoshoESlab\GoshoESlab.csproj", "{DE8E705B-A3F8-4093-8255-2A53059C6C34}"
EndProject
Global
	GlobalSection(SolutionConfigurationPlatforms) = preSolution
		Debug|Any CPU = Debug|Any CPU
		Release|Any CPU = Release|Any CPU
	EndGlobalSection
	GlobalSection(ProjectConfigurationPlatforms) = postSolution
		{DE8E705B-A3F8-4093-8255-2A53059C6C34}.Debug|Any CPU.ActiveCfg = Debug|Any CPU
		{DE8E705B-A3F8-4093-8255-2A53059C6C34}.Debug|Any CPU.Build.0 = Debug|Any CPU
		{DE8E705B-A3F8-4093-8255-2A53059C6C34}.Release|Any CPU.ActiveCfg = Release|Any CPU
		{DE8E705B-A3F8-4093-8255-2A53059C6C34}.Release|Any CPU.Build.0 = Release|Any CPU
	EndGlobalSection
	GlobalSection(SolutionProperties) = preSolution
		HideSolutionNode = FALSE
	EndGlobalSection
	GlobalSection(ExtensibilityGlobals) = postSolution
		SolutionGuid = {D2D0E413-8999-46E8-8DCA-3280BD54B670}
	EndGlobalSection
EndGlobal
